
Microsoft Visual Studio Solution File, Format Version 12.00
# Visual Studio Version 17
VisualStudioVersion = 17.8.34408.163
MinimumVisualStudioVersion = 10.0.40219.1
Project("{FAE04EC0-301F-11D3-BF4B-00C04F79EFBC}") = "TxtTags", "TxtTags\TxtTags.csproj", "{5F8F542B-F23B-41B1-939E-260C01F0B30D}"
EndProject
Project("{9A19103F-16F7-4668-BE54-9A1E7A4F7556}") = "ICSharpCode.AvalonEdit", "ICSharpCode.AvalonEdit\ICSharpCode.AvalonEdit.csproj", "{C198E813-1E16-4119-948C-89EA5C39BE7B}"
EndProject
Global
	GlobalSection(SolutionConfigurationPlatforms) = preSolution
		Debug|Any CPU = Debug|Any CPU
		Debug|x64 = Debug|x64
		Release|Any CPU = Release|Any CPU
		Release|x64 = Release|x64
	EndGlobalSection
	GlobalSection(ProjectConfigurationPlatforms) = postSolution
		{5F8F542B-F23B-41B1-939E-260C01F0B30D}.Debug|Any CPU.ActiveCfg = Debug|x64
		{5F8F542B-F23B-41B1-939E-260C01F0B30D}.Debug|Any CPU.Build.0 = Debug|x64
		{5F8F542B-F23B-41B1-939E-260C01F0B30D}.Debug|x64.ActiveCfg = Debug|x64
		{5F8F542B-F23B-41B1-939E-260C01F0B30D}.Debug|x64.Build.0 = Debug|x64
		{5F8F542B-F23B-41B1-939E-260C01F0B30D}.Release|Any CPU.ActiveCfg = Release|x64
		{5F8F542B-F23B-41B1-939E-260C01F0B30D}.Release|Any CPU.Build.0 = Release|x64
		{5F8F542B-F23B-41B1-939E-260C01F0B30D}.Release|x64.ActiveCfg = Release|x64
		{5F8F542B-F23B-41B1-939E-260C01F0B30D}.Release|x64.Build.0 = Release|x64
		{C198E813-1E16-4119-948C-89EA5C39BE7B}.Debug|Any CPU.ActiveCfg = Debug|Any CPU
		{C198E813-1E16-4119-948C-89EA5C39BE7B}.Debug|Any CPU.Build.0 = Debug|Any CPU
		{C198E813-1E16-4119-948C-89EA5C39BE7B}.Debug|x64.ActiveCfg = Debug|x64
		{C198E813-1E16-4119-948C-89EA5C39BE7B}.Debug|x64.Build.0 = Debug|x64
		{C198E813-1E16-4119-948C-89EA5C39BE7B}.Release|Any CPU.ActiveCfg = Release|Any CPU
		{C198E813-1E16-4119-948C-89EA5C39BE7B}.Release|Any CPU.Build.0 = Release|Any CPU
		{C198E813-1E16-4119-948C-89EA5C39BE7B}.Release|x64.ActiveCfg = Release|x64
		{C198E813-1E16-4119-948C-89EA5C39BE7B}.Release|x64.Build.0 = Release|x64
	EndGlobalSection
	GlobalSection(SolutionProperties) = preSolution
		HideSolutionNode = FALSE
	EndGlobalSection
	GlobalSection(ExtensibilityGlobals) = postSolution
		SolutionGuid = {8A68EF48-FBA0-46B9-A1CB-74BE985CE122}
	EndGlobalSection
EndGlobal
